
Microsoft Visual Studio Solution File, Format Version 12.00
# Visual Studio Version 16
VisualStudioVersion = 16.0.30204.135
MinimumVisualStudioVersion = 10.0.40219.1
Project("{2150E333-8FDC-42A3-9474-1A3956D46DE8}") = "VideoTutorials", "VideoTutorials", "{C0DCB765-7B4F-44F4-A301-6F0099AA2644}"
EndProject
Project("{2150E333-8FDC-42A3-9474-1A3956D46DE8}") = "Demos", "Demos", "{64AF7A3D-4EB2-47C5-A121-834D015D8370}"
EndProject
Project("{8BC9CEB8-8B4A-11D0-8D11-00A0C91BC942}") = "AIE_Prep_GameAi_01", "AIE_Prep_GameAi_01\AIE_Prep_GameAi_01.vcxproj", "{81C1D102-307F-456C-B87A-221482380CF7}"
EndProject
Project("{8BC9CEB8-8B4A-11D0-8D11-00A0C91BC942}") = "AIE_GameAI", "AIE_GameAI\AIE_GameAI.vcxproj", "{532014A6-AF6C-4920-B79E-A52B5587663F}"
EndProject
Project("{8BC9CEB8-8B4A-11D0-8D11-00A0C91BC942}") = "AIE_02_GameAI_ProjectSetup", "AIE_02_GameAI_ProjectSetup\AIE_02_GameAI_ProjectSetup.vcxproj", "{70644AB0-B04C-4F53-813E-582929C0C0CC}"
EndProject
Project("{8BC9CEB8-8B4A-11D0-8D11-00A0C91BC942}") = "AIE_03_GameAI_GameObject", "AIE_03_GameAI_GameObject\AIE_03_GameAI_GameObject.vcxproj", "{7E053A15-03B0-4EDB-A1D5-228CE809B3BA}"
EndProject
Project("{8BC9CEB8-8B4A-11D0-8D11-00A0C91BC942}") = "AIE_04_GameAI_Behaviour", "AIE_04_GameAI_Behaviour\AIE_04_GameAI_Behaviour.vcxproj", "{1FC932B1-6D86-4122-9839-09E890FF8FD0}"
EndProject
Project("{8BC9CEB8-8B4A-11D0-8D11-00A0C91BC942}") = "AIE_05_GameAI_PlayerClass", "AIE_05_GameAI_PlayerClass\AIE_05_GameAI_PlayerClass.vcxproj", "{6B97D7E8-5EB5-4113-9B87-56C9A7BAFD24}"
EndProject
Project("{8BC9CEB8-8B4A-11D0-8D11-00A0C91BC942}") = "AIE_Prep_GameAI_02_Pathfinding", "AIE_Prep_GameAI_02_Pathfinding\AIE_Prep_GameAI_02_Pathfinding.vcxproj", "{B377A659-429E-44BB-8685-0625EFFADC1A}"
EndProject
Global
	GlobalSection(SolutionConfigurationPlatforms) = preSolution
		Debug|x64 = Debug|x64
		Debug|x86 = Debug|x86
		Release|x64 = Release|x64
		Release|x86 = Release|x86
	EndGlobalSection
	GlobalSection(ProjectConfigurationPlatforms) = postSolution
		{81C1D102-307F-456C-B87A-221482380CF7}.Debug|x64.ActiveCfg = Debug|x64
		{81C1D102-307F-456C-B87A-221482380CF7}.Debug|x64.Build.0 = Debug|x64
		{81C1D102-307F-456C-B87A-221482380CF7}.Debug|x86.ActiveCfg = Debug|Win32
		{81C1D102-307F-456C-B87A-221482380CF7}.Debug|x86.Build.0 = Debug|Win32
		{81C1D102-307F-456C-B87A-221482380CF7}.Release|x64.ActiveCfg = Release|x64
		{81C1D102-307F-456C-B87A-221482380CF7}.Release|x64.Build.0 = Release|x64
		{81C1D102-307F-456C-B87A-221482380CF7}.Release|x86.ActiveCfg = Release|Win32
		{81C1D102-307F-456C-B87A-221482380CF7}.Release|x86.Build.0 = Release|Win32
		{532014A6-AF6C-4920-B79E-A52B5587663F}.Debug|x64.ActiveCfg = Debug|x64
		{532014A6-AF6C-4920-B79E-A52B5587663F}.Debug|x64.Build.0 = Debug|x64
		{532014A6-AF6C-4920-B79E-A52B5587663F}.Debug|x86.ActiveCfg = Debug|Win32
		{532014A6-AF6C-4920-B79E-A52B5587663F}.Debug|x86.Build.0 = Debug|Win32
		{532014A6-AF6C-4920-B79E-A52B5587663F}.Release|x64.ActiveCfg = Release|x64
		{532014A6-AF6C-4920-B79E-A52B5587663F}.Release|x64.Build.0 = Release|x64
		{532014A6-AF6C-4920-B79E-A52B5587663F}.Release|x86.ActiveCfg = Release|Win32
		{532014A6-AF6C-4920-B79E-A52B5587663F}.Release|x86.Build.0 = Release|Win32
		{70644AB0-B04C-4F53-813E-582929C0C0CC}.Debug|x64.ActiveCfg = Debug|x64
		{70644AB0-B04C-4F53-813E-582929C0C0CC}.Debug|x64.Build.0 = Debug|x64
		{70644AB0-B04C-4F53-813E-582929C0C0CC}.Debug|x86.ActiveCfg = Debug|Win32
		{70644AB0-B04C-4F53-813E-582929C0C0CC}.Debug|x86.Build.0 = Debug|Win32
		{70644AB0-B04C-4F53-813E-582929C0C0CC}.Release|x64.ActiveCfg = Release|x64
		{70644AB0-B04C-4F53-813E-582929C0C0CC}.Release|x64.Build.0 = Release|x64
		{70644AB0-B04C-4F53-813E-582929C0C0CC}.Release|x86.ActiveCfg = Release|Win32
		{70644AB0-B04C-4F53-813E-582929C0C0CC}.Release|x86.Build.0 = Release|Win32
		{7E053A15-03B0-4EDB-A1D5-228CE809B3BA}.Debug|x64.ActiveCfg = Debug|x64
		{7E053A15-03B0-4EDB-A1D5-228CE809B3BA}.Debug|x64.Build.0 = Debug|x64
		{7E053A15-03B0-4EDB-A1D5-228CE809B3BA}.Debug|x86.ActiveCfg = Debug|Win32
		{7E053A15-03B0-4EDB-A1D5-228CE809B3BA}.Debug|x86.Build.0 = Debug|Win32
		{7E053A15-03B0-4EDB-A1D5-228CE809B3BA}.Release|x64.ActiveCfg = Release|x64
		{7E053A15-03B0-4EDB-A1D5-228CE809B3BA}.Release|x64.Build.0 = Release|x64
		{7E053A15-03B0-4EDB-A1D5-228CE809B3BA}.Release|x86.ActiveCfg = Release|Win32
		{7E053A15-03B0-4EDB-A1D5-228CE809B3BA}.Release|x86.Build.0 = Release|Win32
		{1FC932B1-6D86-4122-9839-09E890FF8FD0}.Debug|x64.ActiveCfg = Debug|x64
		{1FC932B1-6D86-4122-9839-09E890FF8FD0}.Debug|x64.Build.0 = Debug|x64
		{1FC932B1-6D86-4122-9839-09E890FF8FD0}.Debug|x86.ActiveCfg = Debug|Win32
		{1FC932B1-6D86-4122-9839-09E890FF8FD0}.Debug|x86.Build.0 = Debug|Win32
		{1FC932B1-6D86-4122-9839-09E890FF8FD0}.Release|x64.ActiveCfg = Release|x64
		{1FC932B1-6D86-4122-9839-09E890FF8FD0}.Release|x64.Build.0 = Release|x64
		{1FC932B1-6D86-4122-9839-09E890FF8FD0}.Release|x86.ActiveCfg = Release|Win32
		{1FC932B1-6D86-4122-9839-09E890FF8FD0}.Release|x86.Build.0 = Release|Win32
		{6B97D7E8-5EB5-4113-9B87-56C9A7BAFD24}.Debug|x64.ActiveCfg = Debug|x64
		{6B97D7E8-5EB5-4113-9B87-56C9A7BAFD24}.Debug|x64.Build.0 = Debug|x64
		{6B97D7E8-5EB5-4113-9B87-56C9A7BAFD24}.Debug|x86.ActiveCfg = Debug|Win32
		{6B97D7E8-5EB5-4113-9B87-56C9A7BAFD24}.Debug|x86.Build.0 = Debug|Win32
		{6B97D7E8-5EB5-4113-9B87-56C9A7BAFD24}.Release|x64.ActiveCfg = Release|x64
		{6B97D7E8-5EB5-4113-9B87-56C9A7BAFD24}.Release|x64.Build.0 = Release|x64
		{6B97D7E8-5EB5-4113-9B87-56C9A7BAFD24}.Release|x86.ActiveCfg = Release|Win32
		{6B97D7E8-5EB5-4113-9B87-56C9A7BAFD24}.Release|x86.Build.0 = Release|Win32
		{B377A659-429E-44BB-8685-0625EFFADC1A}.Debug|x64.ActiveCfg = Debug|x64
		{B377A659-429E-44BB-8685-0625EFFADC1A}.Debug|x64.Build.0 = Debug|x64
		{B377A659-429E-44BB-8685-0625EFFADC1A}.Debug|x86.ActiveCfg = Debug|Win32
		{B377A659-429E-44BB-8685-0625EFFADC1A}.Debug|x86.Build.0 = Debug|Win32
		{B377A659-429E-44BB-8685-0625EFFADC1A}.Release|x64.ActiveCfg = Release|x64
		{B377A659-429E-44BB-8685-0625EFFADC1A}.Release|x64.Build.0 = Release|x64
		{B377A659-429E-44BB-8685-0625EFFADC1A}.Release|x86.ActiveCfg = Release|Win32
		{B377A659-429E-44BB-8685-0625EFFADC1A}.Release|x86.Build.0 = Release|Win32
	EndGlobalSection
	GlobalSection(SolutionProperties) = preSolution
		HideSolutionNode = FALSE
	EndGlobalSection
	GlobalSection(NestedProjects) = preSolution
		{81C1D102-307F-456C-B87A-221482380CF7} = {64AF7A3D-4EB2-47C5-A121-834D015D8370}
		{532014A6-AF6C-4920-B79E-A52B5587663F} = {C0DCB765-7B4F-44F4-A301-6F0099AA2644}
		{70644AB0-B04C-4F53-813E-582929C0C0CC} = {C0DCB765-7B4F-44F4-A301-6F0099AA2644}
		{7E053A15-03B0-4EDB-A1D5-228CE809B3BA} = {C0DCB765-7B4F-44F4-A301-6F0099AA2644}
		{1FC932B1-6D86-4122-9839-09E890FF8FD0} = {C0DCB765-7B4F-44F4-A301-6F0099AA2644}
		{6B97D7E8-5EB5-4113-9B87-56C9A7BAFD24} = {C0DCB765-7B4F-44F4-A301-6F0099AA2644}
		{B377A659-429E-44BB-8685-0625EFFADC1A} = {64AF7A3D-4EB2-47C5-A121-834D015D8370}
	EndGlobalSection
	GlobalSection(ExtensibilityGlobals) = postSolution
		SolutionGuid = {778395C1-215A-4121-B6EB-6A1810E8CA58}
	EndGlobalSection
EndGlobal
